// !$*UTF8*$!
{
	archiveVersion = 1;
	classes = {
	};
	objectVersion = 50;
	objects = {

/* Begin PBXBuildFile section */
		22E7C7B3F7A614C021FD6F2C /* libPods-CreateModel.a in Frameworks */ = {isa = PBXBuildFile; fileRef = 2786FD99921BA03FBAEC01B2 /* libPods-CreateModel.a */; };
		ACBB460E73B2A673F687A337 /* libPods-CreateModelTests.a in Frameworks */ = {isa = PBXBuildFile; fileRef = C32A7AE3E4C9870FEFA05102 /* libPods-CreateModelTests.a */; };
		BC1F53FA209AEA9B00878B11 /* CreateModelTests.m in Sources */ = {isa = PBXBuildFile; fileRef = BC1F53F9209AEA9B00878B11 /* CreateModelTests.m */; };
		BC1F5410209AECCB00878B11 /* ViewController.m in Sources */ = {isa = PBXBuildFile; fileRef = BC1F5407209AECCB00878B11 /* ViewController.m */; };
		BC1F5411209AECCB00878B11 /* AppDelegate.m in Sources */ = {isa = PBXBuildFile; fileRef = BC1F5408209AECCB00878B11 /* AppDelegate.m */; };
		BC1F5412209AECCB00878B11 /* LaunchScreen.storyboard in Resources */ = {isa = PBXBuildFile; fileRef = BC1F540B209AECCB00878B11 /* LaunchScreen.storyboard */; };
		BC1F5413209AECCB00878B11 /* Assets.xcassets in Resources */ = {isa = PBXBuildFile; fileRef = BC1F540C209AECCB00878B11 /* Assets.xcassets */; };
		BC1F5414209AECCB00878B11 /* Main.storyboard in Resources */ = {isa = PBXBuildFile; fileRef = BC1F540D209AECCB00878B11 /* Main.storyboard */; };
		BC1F5415209AECCB00878B11 /* main.m in Sources */ = {isa = PBXBuildFile; fileRef = BC1F540E209AECCB00878B11 /* main.m */; };
/* End PBXBuildFile section */

/* Begin PBXContainerItemProxy section */
		BC1F53F6209AEA9B00878B11 /* PBXContainerItemProxy */ = {
			isa = PBXContainerItemProxy;
			containerPortal = BC1F53D5209AEA9800878B11 /* Project object */;
			proxyType = 1;
			remoteGlobalIDString = BC1F53DC209AEA9800878B11;
			remoteInfo = CreateModel;
		};
/* End PBXContainerItemProxy section */

/* Begin PBXFileReference section */
		2786FD99921BA03FBAEC01B2 /* libPods-CreateModel.a */ = {isa = PBXFileReference; explicitFileType = archive.ar; includeInIndex = 0; path = "libPods-CreateModel.a"; sourceTree = BUILT_PRODUCTS_DIR; };
		31C448D6A2661A23E3D7C777 /* Pods-CreateModelTests.release.xcconfig */ = {isa = PBXFileReference; includeInIndex = 1; lastKnownFileType = text.xcconfig; name = "Pods-CreateModelTests.release.xcconfig"; path = "Pods/Target Support Files/Pods-CreateModelTests/Pods-CreateModelTests.release.xcconfig"; sourceTree = "<group>"; };
		3C19F634C08BD0D92216120E /* Pods-CreateModelTests.debug.xcconfig */ = {isa = PBXFileReference; includeInIndex = 1; lastKnownFileType = text.xcconfig; name = "Pods-CreateModelTests.debug.xcconfig"; path = "Pods/Target Support Files/Pods-CreateModelTests/Pods-CreateModelTests.debug.xcconfig"; sourceTree = "<group>"; };
		B5F9CD828FF74D34594BD707 /* Pods-CreateModel.debug.xcconfig */ = {isa = PBXFileReference; includeInIndex = 1; lastKnownFileType = text.xcconfig; name = "Pods-CreateModel.debug.xcconfig"; path = "Pods/Target Support Files/Pods-CreateModel/Pods-CreateModel.debug.xcconfig"; sourceTree = "<group>"; };
		BC1F53DD209AEA9800878B11 /* CreateModel.app */ = {isa = PBXFileReference; explicitFileType = wrapper.application; includeInIndex = 0; path = CreateModel.app; sourceTree = BUILT_PRODUCTS_DIR; };
		BC1F53F5209AEA9B00878B11 /* CreateModelTests.xctest */ = {isa = PBXFileReference; explicitFileType = wrapper.cfbundle; includeInIndex = 0; path = CreateModelTests.xctest; sourceTree = BUILT_PRODUCTS_DIR; };
		BC1F53F9209AEA9B00878B11 /* CreateModelTests.m */ = {isa = PBXFileReference; lastKnownFileType = sourcecode.c.objc; path = CreateModelTests.m; sourceTree = "<group>"; };
		BC1F53FB209AEA9B00878B11 /* Info.plist */ = {isa = PBXFileReference; lastKnownFileType = text.plist.xml; path = Info.plist; sourceTree = "<group>"; };
		BC1F5406209AECCB00878B11 /* AppDelegate.h */ = {isa = PBXFileReference; fileEncoding = 4; lastKnownFileType = sourcecode.c.h; path = AppDelegate.h; sourceTree = "<group>"; };
		BC1F5407209AECCB00878B11 /* ViewController.m */ = {isa = PBXFileReference; fileEncoding = 4; lastKnownFileType = sourcecode.c.objc; path = ViewController.m; sourceTree = "<group>"; };
		BC1F5408209AECCB00878B11 /* AppDelegate.m */ = {isa = PBXFileReference; fileEncoding = 4; lastKnownFileType = sourcecode.c.objc; path = AppDelegate.m; sourceTree = "<group>"; };
		BC1F5409209AECCB00878B11 /* ViewController.h */ = {isa = PBXFileReference; fileEncoding = 4; lastKnownFileType = sourcecode.c.h; path = ViewController.h; sourceTree = "<group>"; };
		BC1F540B209AECCB00878B11 /* LaunchScreen.storyboard */ = {isa = PBXFileReference; fileEncoding = 4; lastKnownFileType = file.storyboard; path = LaunchScreen.storyboard; sourceTree = "<group>"; };
		BC1F540C209AECCB00878B11 /* Assets.xcassets */ = {isa = PBXFileReference; lastKnownFileType = folder.assetcatalog; path = Assets.xcassets; sourceTree = "<group>"; };
		BC1F540D209AECCB00878B11 /* Main.storyboard */ = {isa = PBXFileReference; fileEncoding = 4; lastKnownFileType = file.storyboard; path = Main.storyboard; sourceTree = "<group>"; };
		BC1F540E209AECCB00878B11 /* main.m */ = {isa = PBXFileReference; fileEncoding = 4; lastKnownFileType = sourcecode.c.objc; path = main.m; sourceTree = "<group>"; };
		BC1F540F209AECCB00878B11 /* Info.plist */ = {isa = PBXFileReference; fileEncoding = 4; lastKnownFileType = text.plist.xml; path = Info.plist; sourceTree = "<group>"; };
		BC1F541A209AEF1B00878B11 /* README.md */ = {isa = PBXFileReference; lastKnownFileType = net.daringfireball.markdown; path = README.md; sourceTree = "<group>"; };
		BC1F541B209AFDB100878B11 /* CreateModel.podspec */ = {isa = PBXFileReference; lastKnownFileType = text; path = CreateModel.podspec; sourceTree = "<group>"; };
		C32A7AE3E4C9870FEFA05102 /* libPods-CreateModelTests.a */ = {isa = PBXFileReference; explicitFileType = archive.ar; includeInIndex = 0; path = "libPods-CreateModelTests.a"; sourceTree = BUILT_PRODUCTS_DIR; };
		DEC78C1A29660A74ACE2F57D /* Pods-CreateModel.release.xcconfig */ = {isa = PBXFileReference; includeInIndex = 1; lastKnownFileType = text.xcconfig; name = "Pods-CreateModel.release.xcconfig"; path = "Pods/Target Support Files/Pods-CreateModel/Pods-CreateModel.release.xcconfig"; sourceTree = "<group>"; };
/* End PBXFileReference section */

/* Begin PBXFrameworksBuildPhase section */
		BC1F53DA209AEA9800878B11 /* Frameworks */ = {
			isa = PBXFrameworksBuildPhase;
			buildActionMask = 2147483647;
			files = (
				22E7C7B3F7A614C021FD6F2C /* libPods-CreateModel.a in Frameworks */,
			);
			runOnlyForDeploymentPostprocessing = 0;
		};
		BC1F53F2209AEA9B00878B11 /* Frameworks */ = {
			isa = PBXFrameworksBuildPhase;
			buildActionMask = 2147483647;
			files = (
				ACBB460E73B2A673F687A337 /* libPods-CreateModelTests.a in Frameworks */,
			);
			runOnlyForDeploymentPostprocessing = 0;
		};
/* End PBXFrameworksBuildPhase section */

/* Begin PBXGroup section */
		3430FCA6194B3CD67AD62690 /* Pods */ = {
			isa = PBXGroup;
			children = (
				B5F9CD828FF74D34594BD707 /* Pods-CreateModel.debug.xcconfig */,
				DEC78C1A29660A74ACE2F57D /* Pods-CreateModel.release.xcconfig */,
				3C19F634C08BD0D92216120E /* Pods-CreateModelTests.debug.xcconfig */,
				31C448D6A2661A23E3D7C777 /* Pods-CreateModelTests.release.xcconfig */,
			);
			name = Pods;
			sourceTree = "<group>";
		};
		BC1F53D4209AEA9800878B11 = {
			isa = PBXGroup;
			children = (
				BC1F541B209AFDB100878B11 /* CreateModel.podspec */,
				BC1F541A209AEF1B00878B11 /* README.md */,
				BC1F53DF209AEA9800878B11 /* CreateModel */,
				BC1F53F8209AEA9B00878B11 /* CreateModelTests */,
				BC1F53DE209AEA9800878B11 /* Products */,
				3430FCA6194B3CD67AD62690 /* Pods */,
				D3F36B93835BAF7D478F414B /* Frameworks */,
			);
			sourceTree = "<group>";
		};
		BC1F53DE209AEA9800878B11 /* Products */ = {
			isa = PBXGroup;
			children = (
				BC1F53DD209AEA9800878B11 /* CreateModel.app */,
				BC1F53F5209AEA9B00878B11 /* CreateModelTests.xctest */,
			);
			name = Products;
			sourceTree = "<group>";
		};
		BC1F53DF209AEA9800878B11 /* CreateModel */ = {
			isa = PBXGroup;
			children = (
				BC1F5405209AECCB00878B11 /* Demo */,
				BC1F540A209AECCB00878B11 /* Support Files */,
			);
			path = CreateModel;
			sourceTree = "<group>";
		};
		BC1F53F8209AEA9B00878B11 /* CreateModelTests */ = {
			isa = PBXGroup;
			children = (
				BC1F53F9209AEA9B00878B11 /* CreateModelTests.m */,
				BC1F53FB209AEA9B00878B11 /* Info.plist */,
			);
			path = CreateModelTests;
			sourceTree = "<group>";
		};
		BC1F5405209AECCB00878B11 /* Demo */ = {
			isa = PBXGroup;
			children = (
				BC1F5406209AECCB00878B11 /* AppDelegate.h */,
				BC1F5408209AECCB00878B11 /* AppDelegate.m */,
				BC1F5409209AECCB00878B11 /* ViewController.h */,
				BC1F5407209AECCB00878B11 /* ViewController.m */,
			);
			path = Demo;
			sourceTree = "<group>";
		};
		BC1F540A209AECCB00878B11 /* Support Files */ = {
			isa = PBXGroup;
			children = (
				BC1F540B209AECCB00878B11 /* LaunchScreen.storyboard */,
				BC1F540C209AECCB00878B11 /* Assets.xcassets */,
				BC1F540D209AECCB00878B11 /* Main.storyboard */,
				BC1F540E209AECCB00878B11 /* main.m */,
				BC1F540F209AECCB00878B11 /* Info.plist */,
			);
			path = "Support Files";
			sourceTree = "<group>";
		};
		D3F36B93835BAF7D478F414B /* Frameworks */ = {
			isa = PBXGroup;
			children = (
				2786FD99921BA03FBAEC01B2 /* libPods-CreateModel.a */,
				C32A7AE3E4C9870FEFA05102 /* libPods-CreateModelTests.a */,
			);
			name = Frameworks;
			sourceTree = "<group>";
		};
/* End PBXGroup section */

/* Begin PBXNativeTarget section */
		BC1F53DC209AEA9800878B11 /* CreateModel */ = {
			isa = PBXNativeTarget;
			buildConfigurationList = BC1F53FE209AEA9B00878B11 /* Build configuration list for PBXNativeTarget "CreateModel" */;
			buildPhases = (
				D789BD9CF51B6BEDB3DF61B3 /* [CP] Check Pods Manifest.lock */,
				BC1F53D9209AEA9800878B11 /* Sources */,
				BC1F53DA209AEA9800878B11 /* Frameworks */,
				BC1F53DB209AEA9800878B11 /* Resources */,
			);
			buildRules = (
			);
			dependencies = (
			);
			name = CreateModel;
			productName = CreateModel;
			productReference = BC1F53DD209AEA9800878B11 /* CreateModel.app */;
			productType = "com.apple.product-type.application";
		};
		BC1F53F4209AEA9B00878B11 /* CreateModelTests */ = {
			isa = PBXNativeTarget;
			buildConfigurationList = BC1F5401209AEA9B00878B11 /* Build configuration list for PBXNativeTarget "CreateModelTests" */;
			buildPhases = (
				46FC51E004642A004887901D /* [CP] Check Pods Manifest.lock */,
				BC1F53F1209AEA9B00878B11 /* Sources */,
				BC1F53F2209AEA9B00878B11 /* Frameworks */,
				BC1F53F3209AEA9B00878B11 /* Resources */,
			);
			buildRules = (
			);
			dependencies = (
				BC1F53F7209AEA9B00878B11 /* PBXTargetDependency */,
			);
			name = CreateModelTests;
			productName = CreateModelTests;
			productReference = BC1F53F5209AEA9B00878B11 /* CreateModelTests.xctest */;
			productType = "com.apple.product-type.bundle.unit-test";
		};
/* End PBXNativeTarget section */

/* Begin PBXProject section */
		BC1F53D5209AEA9800878B11 /* Project object */ = {
			isa = PBXProject;
			attributes = {
				LastUpgradeCheck = 0930;
				ORGANIZATIONNAME = liaochaolong;
				TargetAttributes = {
					BC1F53DC209AEA9800878B11 = {
						CreatedOnToolsVersion = 9.3;
					};
					BC1F53F4209AEA9B00878B11 = {
						CreatedOnToolsVersion = 9.3;
						TestTargetID = BC1F53DC209AEA9800878B11;
					};
				};
			};
			buildConfigurationList = BC1F53D8209AEA9800878B11 /* Build configuration list for PBXProject "CreateModel" */;
			compatibilityVersion = "Xcode 9.3";
			developmentRegion = en;
			hasScannedForEncodings = 0;
			knownRegions = (
				en,
				Base,
			);
			mainGroup = BC1F53D4209AEA9800878B11;
			productRefGroup = BC1F53DE209AEA9800878B11 /* Products */;
			projectDirPath = "";
			projectRoot = "";
			targets = (
				BC1F53DC209AEA9800878B11 /* CreateModel */,
				BC1F53F4209AEA9B00878B11 /* CreateModelTests */,
			);
		};
/* End PBXProject section */

/* Begin PBXResourcesBuildPhase section */
		BC1F53DB209AEA9800878B11 /* Resources */ = {
			isa = PBXResourcesBuildPhase;
			buildActionMask = 2147483647;
			files = (
				BC1F5414209AECCB00878B11 /* Main.storyboard in Resources */,
				BC1F5413209AECCB00878B11 /* Assets.xcassets in Resources */,
				BC1F5412209AECCB00878B11 /* LaunchScreen.storyboard in Resources */,
			);
			runOnlyForDeploymentPostprocessing = 0;
		};
		BC1F53F3209AEA9B00878B11 /* Resources */ = {
			isa = PBXResourcesBuildPhase;
			buildActionMask = 2147483647;
			files = (
			);
			runOnlyForDeploymentPostprocessing = 0;
		};
/* End PBXResourcesBuildPhase section */

/* Begin PBXShellScriptBuildPhase section */
		46FC51E004642A004887901D /* [CP] Check Pods Manifest.lock */ = {
			isa = PBXShellScriptBuildPhase;
			buildActionMask = 2147483647;
			files = (
			);
			inputPaths = (
				"${PODS_PODFILE_DIR_PATH}/Podfile.lock",
				"${PODS_ROOT}/Manifest.lock",
			);
			name = "[CP] Check Pods Manifest.lock";
			outputPaths = (
				"$(DERIVED_FILE_DIR)/Pods-CreateModelTests-checkManifestLockResult.txt",
			);
			runOnlyForDeploymentPostprocessing = 0;
			shellPath = /bin/sh;
			shellScript = "diff \"${PODS_PODFILE_DIR_PATH}/Podfile.lock\" \"${PODS_ROOT}/Manifest.lock\" > /dev/null\nif [ $? != 0 ] ; then\n    # print error to STDERR\n    echo \"error: The sandbox is not in sync with the Podfile.lock. Run 'pod install' or update your CocoaPods installation.\" >&2\n    exit 1\nfi\n# This output is used by Xcode 'outputs' to avoid re-running this script phase.\necho \"SUCCESS\" > \"${SCRIPT_OUTPUT_FILE_0}\"\n";
			showEnvVarsInLog = 0;
		};
		D789BD9CF51B6BEDB3DF61B3 /* [CP] Check Pods Manifest.lock */ = {
			isa = PBXShellScriptBuildPhase;
			buildActionMask = 2147483647;
			files = (
			);
			inputPaths = (
				"${PODS_PODFILE_DIR_PATH}/Podfile.lock",
				"${PODS_ROOT}/Manifest.lock",
			);
			name = "[CP] Check Pods Manifest.lock";
			outputPaths = (
				"$(DERIVED_FILE_DIR)/Pods-CreateModel-checkManifestLockResult.txt",
			);
			runOnlyForDeploymentPostprocessing = 0;
			shellPath = /bin/sh;
			shellScript = "diff \"${PODS_PODFILE_DIR_PATH}/Podfile.lock\" \"${PODS_ROOT}/Manifest.lock\" > /dev/null\nif [ $? != 0 ] ; then\n    # print error to STDERR\n    echo \"error: The sandbox is not in sync with the Podfile.lock. Run 'pod install' or update your CocoaPods installation.\" >&2\n    exit 1\nfi\n# This output is used by Xcode 'outputs' to avoid re-running this script phase.\necho \"SUCCESS\" > \"${SCRIPT_OUTPUT_FILE_0}\"\n";
			showEnvVarsInLog = 0;
		};
/* End PBXShellScriptBuildPhase section */

/* Begin PBXSourcesBuildPhase section */
		BC1F53D9209AEA9800878B11 /* Sources */ = {
			isa = PBXSourcesBuildPhase;
			buildActionMask = 2147483647;
			files = (
				BC1F5411209AECCB00878B11 /* AppDelegate.m in Sources */,
				BC1F5415209AECCB00878B11 /* main.m in Sources */,
				BC1F5410209AECCB00878B11 /* ViewController.m in Sources */,
			);
			runOnlyForDeploymentPostprocessing = 0;
		};
		BC1F53F1209AEA9B00878B11 /* Sources */ = {
			isa = PBXSourcesBuildPhase;
			buildActionMask = 2147483647;
			files = (
				BC1F53FA209AEA9B00878B11 /* CreateModelTests.m in Sources */,
			);
			runOnlyForDeploymentPostprocessing = 0;
		};
/* End PBXSourcesBuildPhase section */

/* Begin PBXTargetDependency section */
		BC1F53F7209AEA9B00878B11 /* PBXTargetDependency */ = {
			isa = PBXTargetDependency;
			target = BC1F53DC209AEA9800878B11 /* CreateModel */;
			targetProxy = BC1F53F6209AEA9B00878B11 /* PBXContainerItemProxy */;
		};
/* End PBXTargetDependency section */

/* Begin XCBuildConfiguration section */
		BC1F53FC209AEA9B00878B11 /* Debug */ = {
			isa = XCBuildConfiguration;
			buildSettings = {
				ALWAYS_SEARCH_USER_PATHS = NO;
				CLANG_ANALYZER_NONNULL = YES;
				CLANG_ANALYZER_NUMBER_OBJECT_CONVERSION = YES_AGGRESSIVE;
				CLANG_CXX_LANGUAGE_STANDARD = "gnu++14";
				CLANG_CXX_LIBRARY = "libc++";
				CLANG_ENABLE_MODULES = YES;
				CLANG_ENABLE_OBJC_ARC = YES;
				CLANG_ENABLE_OBJC_WEAK = YES;
				CLANG_WARN_BLOCK_CAPTURE_AUTORELEASING = YES;
				CLANG_WARN_BOOL_CONVERSION = YES;
				CLANG_WARN_COMMA = YES;
				CLANG_WARN_CONSTANT_CONVERSION = YES;
				CLANG_WARN_DEPRECATED_OBJC_IMPLEMENTATIONS = YES;
				CLANG_WARN_DIRECT_OBJC_ISA_USAGE = YES_ERROR;
				CLANG_WARN_DOCUMENTATION_COMMENTS = YES;
				CLANG_WARN_EMPTY_BODY = YES;
				CLANG_WARN_ENUM_CONVERSION = YES;
				CLANG_WARN_INFINITE_RECURSION = YES;
				CLANG_WARN_INT_CONVERSION = YES;
				CLANG_WARN_NON_LITERAL_NULL_CONVERSION = YES;
				CLANG_WARN_OBJC_IMPLICIT_RETAIN_SELF = YES;
				CLANG_WARN_OBJC_LITERAL_CONVERSION = YES;
				CLANG_WARN_OBJC_ROOT_CLASS = YES_ERROR;
				CLANG_WARN_RANGE_LOOP_ANALYSIS = YES;
				CLANG_WARN_STRICT_PROTOTYPES = YES;
				CLANG_WARN_SUSPICIOUS_MOVE = YES;
				CLANG_WARN_UNGUARDED_AVAILABILITY = YES_AGGRESSIVE;
				CLANG_WARN_UNREACHABLE_CODE = YES;
				CLANG_WARN__DUPLICATE_METHOD_MATCH = YES;
				CODE_SIGN_IDENTITY = "iPhone Developer";
				COPY_PHASE_STRIP = NO;
				DEBUG_INFORMATION_FORMAT = dwarf;
				ENABLE_STRICT_OBJC_MSGSEND = YES;
				ENABLE_TESTABILITY = YES;
				GCC_C_LANGUAGE_STANDARD = gnu11;
				GCC_DYNAMIC_NO_PIC = NO;
				GCC_NO_COMMON_BLOCKS = YES;
				GCC_OPTIMIZATION_LEVEL = 0;
				GCC_PREPROCESSOR_DEFINITIONS = (
					"DEBUG=1",
					"$(inherited)",
				);
				GCC_WARN_64_TO_32_BIT_CONVERSION = YES;
				GCC_WARN_ABOUT_RETURN_TYPE = YES_ERROR;
				GCC_WARN_UNDECLARED_SELECTOR = YES;
				GCC_WARN_UNINITIALIZED_AUTOS = YES_AGGRESSIVE;
				GCC_WARN_UNUSED_FUNCTION = YES;
				GCC_WARN_UNUSED_VARIABLE = YES;
				IPHONEOS_DEPLOYMENT_TARGET = 11.3;
				MTL_ENABLE_DEBUG_INFO = YES;
				ONLY_ACTIVE_ARCH = YES;
				SDKROOT = iphoneos;
			};
			name = Debug;
		};
		BC1F53FD209AEA9B00878B11 /* Release */ = {
			isa = XCBuildConfiguration;
			buildSettings = {
				ALWAYS_SEARCH_USER_PATHS = NO;
				CLANG_ANALYZER_NONNULL = YES;
				CLANG_ANALYZER_NUMBER_OBJECT_CONVERSION = YES_AGGRESSIVE;
				CLANG_CXX_LANGUAGE_STANDARD = "gnu++14";
				CLANG_CXX_LIBRARY = "libc++";
				CLANG_ENABLE_MODULES = YES;
				CLANG_ENABLE_OBJC_ARC = YES;
				CLANG_ENABLE_OBJC_WEAK = YES;
				CLANG_WARN_BLOCK_CAPTURE_AUTORELEASING = YES;
				CLANG_WARN_BOOL_CONVERSION = YES;
				CLANG_WARN_COMMA = YES;
				CLANG_WARN_CONSTANT_CONVERSION = YES;
				CLANG_WARN_DEPRECATED_OBJC_IMPLEMENTATIONS = YES;
				CLANG_WARN_DIRECT_OBJC_ISA_USAGE = YES_ERROR;
				CLANG_WARN_DOCUMENTATION_COMMENTS = YES;
				CLANG_WARN_EMPTY_BODY = YES;
				CLANG_WARN_ENUM_CONVERSION = YES;
				CLANG_WARN_INFINITE_RECURSION = YES;
				CLANG_WARN_INT_CONVERSION = YES;
				CLANG_WARN_NON_LITERAL_NULL_CONVERSION = YES;
				CLANG_WARN_OBJC_IMPLICIT_RETAIN_SELF = YES;
				CLANG_WARN_OBJC_LITERAL_CONVERSION = YES;
				CLANG_WARN_OBJC_ROOT_CLASS = YES_ERROR;
				CLANG_WARN_RANGE_LOOP_ANALYSIS = YES;
				CLANG_WARN_STRICT_PROTOTYPES = YES;
				CLANG_WARN_SUSPICIOUS_MOVE = YES;
				CLANG_WARN_UNGUARDED_AVAILABILITY = YES_AGGRESSIVE;
				CLANG_WARN_UNREACHABLE_CODE = YES;
				CLANG_WARN__DUPLICATE_METHOD_MATCH = YES;
				CODE_SIGN_IDENTITY = "iPhone Developer";
				COPY_PHASE_STRIP = NO;
				DEBUG_INFORMATION_FORMAT = "dwarf-with-dsym";
				ENABLE_NS_ASSERTIONS = NO;
				ENABLE_STRICT_OBJC_MSGSEND = YES;
				GCC_C_LANGUAGE_STANDARD = gnu11;
				GCC_NO_COMMON_BLOCKS = YES;
				GCC_WARN_64_TO_32_BIT_CONVERSION = YES;
				GCC_WARN_ABOUT_RETURN_TYPE = YES_ERROR;
				GCC_WARN_UNDECLARED_SELECTOR = YES;
				GCC_WARN_UNINITIALIZED_AUTOS = YES_AGGRESSIVE;
				GCC_WARN_UNUSED_FUNCTION = YES;
				GCC_WARN_UNUSED_VARIABLE = YES;
				IPHONEOS_DEPLOYMENT_TARGET = 11.3;
				MTL_ENABLE_DEBUG_INFO = NO;
				SDKROOT = iphoneos;
				VALIDATE_PRODUCT = YES;
			};
			name = Release;
		};
		BC1F53FF209AEA9B00878B11 /* Debug */ = {
			isa = XCBuildConfiguration;
			baseConfigurationReference = B5F9CD828FF74D34594BD707 /* Pods-CreateModel.debug.xcconfig */;
			buildSettings = {
				ASSETCATALOG_COMPILER_APPICON_NAME = AppIcon;
				CODE_SIGN_STYLE = Automatic;
				DEVELOPMENT_TEAM = Q9LY6R25HU;
				INFOPLIST_FILE = "$(SRCROOT)/CreateModel/Support Files/Info.plist";
				IPHONEOS_DEPLOYMENT_TARGET = 9.0;
				LD_RUNPATH_SEARCH_PATHS = (
					"$(inherited)",
					"@executable_path/Frameworks",
				);
				PRODUCT_BUNDLE_IDENTIFIER = com.chaolong.CreateModel;
				PRODUCT_NAME = "$(TARGET_NAME)";
				TARGETED_DEVICE_FAMILY = "1,2";
			};
			name = Debug;
		};
		BC1F5400209AEA9B00878B11 /* Release */ = {
			isa = XCBuildConfiguration;
			baseConfigurationReference = DEC78C1A29660A74ACE2F57D /* Pods-CreateModel.release.xcconfig */;
			buildSettings = {
				ASSETCATALOG_COMPILER_APPICON_NAME = AppIcon;
				CODE_SIGN_STYLE = Automatic;
				DEVELOPMENT_TEAM = Q9LY6R25HU;
				INFOPLIST_FILE = "$(SRCROOT)/CreateModel/Support Files/Info.plist";
				IPHONEOS_DEPLOYMENT_TARGET = 9.0;
				LD_RUNPATH_SEARCH_PATHS = (
					"$(inherited)",
					"@executable_path/Frameworks",
				);
				PRODUCT_BUNDLE_IDENTIFIER = com.chaolong.CreateModel;
				PRODUCT_NAME = "$(TARGET_NAME)";
				TARGETED_DEVICE_FAMILY = "1,2";
			};
			name = Release;
		};
		BC1F5402209AEA9B00878B11 /* Debug */ = {
			isa = XCBuildConfiguration;
			baseConfigurationReference = 3C19F634C08BD0D92216120E /* Pods-CreateModelTests.debug.xcconfig */;
			buildSettings = {
				BUNDLE_LOADER = "$(TEST_HOST)";
				CODE_SIGN_STYLE = Automatic;
				INFOPLIST_FILE = CreateModelTests/Info.plist;
				LD_RUNPATH_SEARCH_PATHS = (
					"$(inherited)",
					"@executable_path/Frameworks",
					"@loader_path/Frameworks",
				);
				PRODUCT_BUNDLE_IDENTIFIER = com.chaolong.CreateModelTests;
				PRODUCT_NAME = "$(TARGET_NAME)";
				TARGETED_DEVICE_FAMILY = "1,2";
				TEST_HOST = "$(BUILT_PRODUCTS_DIR)/CreateModel.app/CreateModel";
			};
			name = Debug;
		};
		BC1F5403209AEA9B00878B11 /* Release */ = {
			isa = XCBuildConfiguration;
			baseConfigurationReference = 31C448D6A2661A23E3D7C777 /* Pods-CreateModelTests.release.xcconfig */;
			buildSettings = {
				BUNDLE_LOADER = "$(TEST_HOST)";
				CODE_SIGN_STYLE = Automatic;
				INFOPLIST_FILE = CreateModelTests/Info.plist;
				LD_RUNPATH_SEARCH_PATHS = (
					"$(inherited)",
					"@executable_path/Frameworks",
					"@loader_path/Frameworks",
				);
				PRODUCT_BUNDLE_IDENTIFIER = com.chaolong.CreateModelTests;
				PRODUCT_NAME = "$(TARGET_NAME)";
				TARGETED_DEVICE_FAMILY = "1,2";
				TEST_HOST = "$(BUILT_PRODUCTS_DIR)/CreateModel.app/CreateModel";
			};
			name = Release;
		};
/* End XCBuildConfiguration section */

/* Begin XCConfigurationList section */
		BC1F53D8209AEA9800878B11 /* Build configuration list for PBXProject "CreateModel" */ = {
			isa = XCConfigurationList;
			buildConfigurations = (
				BC1F53FC209AEA9B00878B11 /* Debug */,
				BC1F53FD209AEA9B00878B11 /* Release */,
			);
			defaultConfigurationIsVisible = 0;
			defaultConfigurationName = Release;
		};
		BC1F53FE209AEA9B00878B11 /* Build configuration list for PBXNativeTarget "CreateModel" */ = {
			isa = XCConfigurationList;
			buildConfigurations = (
				BC1F53FF209AEA9B00878B11 /* Debug */,
				BC1F5400209AEA9B00878B11 /* Release */,
			);
			defaultConfigurationIsVisible = 0;
			defaultConfigurationName = Release;
		};
		BC1F5401209AEA9B00878B11 /* Build configuration list for PBXNativeTarget "CreateModelTests" */ = {
			isa = XCConfigurationList;
			buildConfigurations = (
				BC1F5402209AEA9B00878B11 /* Debug */,
				BC1F5403209AEA9B00878B11 /* Release */,
			);
			defaultConfigurationIsVisible = 0;
			defaultConfigurationName = Release;
		};
/* End XCConfigurationList section */
	};
	rootObject = BC1F53D5209AEA9800878B11 /* Project object */;
}
